
Microsoft Visual Studio Solution File, Format Version 12.00
# Visual Studio Version 17
VisualStudioVersion = 17.0.31903.59
MinimumVisualStudioVersion = 10.0.40219.1
Project("{FAE04EC0-301F-11D3-BF4B-00C04F79EFBC}") = "BattleSimulator", "BattleSimulator\BattleSimulator.csproj", "{CEC64059-71FB-4E08-81D2-734E1053D73F}"
EndProject
Project("{FAE04EC0-301F-11D3-BF4B-00C04F79EFBC}") = "BattleSimulator.Tests", "BattleSimulator.Tests\BattleSimulator.Tests.csproj", "{BF6D079A-31D1-4421-8A43-614F97EEFC1F}"
EndProject
Global
	GlobalSection(SolutionConfigurationPlatforms) = preSolution
		Debug|Any CPU = Debug|Any CPU
		Debug|x64 = Debug|x64
		Debug|x86 = Debug|x86
		Release|Any CPU = Release|Any CPU
		Release|x64 = Release|x64
		Release|x86 = Release|x86
	EndGlobalSection
	GlobalSection(ProjectConfigurationPlatforms) = postSolution
		{CEC64059-71FB-4E08-81D2-734E1053D73F}.Debug|Any CPU.ActiveCfg = Debug|Any CPU
		{CEC64059-71FB-4E08-81D2-734E1053D73F}.Debug|Any CPU.Build.0 = Debug|Any CPU
		{CEC64059-71FB-4E08-81D2-734E1053D73F}.Debug|x64.ActiveCfg = Debug|Any CPU
		{CEC64059-71FB-4E08-81D2-734E1053D73F}.Debug|x64.Build.0 = Debug|Any CPU
		{CEC64059-71FB-4E08-81D2-734E1053D73F}.Debug|x86.ActiveCfg = Debug|Any CPU
		{CEC64059-71FB-4E08-81D2-734E1053D73F}.Debug|x86.Build.0 = Debug|Any CPU
		{CEC64059-71FB-4E08-81D2-734E1053D73F}.Release|Any CPU.ActiveCfg = Release|Any CPU
		{CEC64059-71FB-4E08-81D2-734E1053D73F}.Release|Any CPU.Build.0 = Release|Any CPU
		{CEC64059-71FB-4E08-81D2-734E1053D73F}.Release|x64.ActiveCfg = Release|Any CPU
		{CEC64059-71FB-4E08-81D2-734E1053D73F}.Release|x64.Build.0 = Release|Any CPU
		{CEC64059-71FB-4E08-81D2-734E1053D73F}.Release|x86.ActiveCfg = Release|Any CPU
		{CEC64059-71FB-4E08-81D2-734E1053D73F}.Release|x86.Build.0 = Release|Any CPU
		{BF6D079A-31D1-4421-8A43-614F97EEFC1F}.Debug|Any CPU.ActiveCfg = Debug|Any CPU
		{BF6D079A-31D1-4421-8A43-614F97EEFC1F}.Debug|Any CPU.Build.0 = Debug|Any CPU
		{BF6D079A-31D1-4421-8A43-614F97EEFC1F}.Debug|x64.ActiveCfg = Debug|Any CPU
		{BF6D079A-31D1-4421-8A43-614F97EEFC1F}.Debug|x64.Build.0 = Debug|Any CPU
		{BF6D079A-31D1-4421-8A43-614F97EEFC1F}.Debug|x86.ActiveCfg = Debug|Any CPU
		{BF6D079A-31D1-4421-8A43-614F97EEFC1F}.Debug|x86.Build.0 = Debug|Any CPU
		{BF6D079A-31D1-4421-8A43-614F97EEFC1F}.Release|Any CPU.ActiveCfg = Release|Any CPU
		{BF6D079A-31D1-4421-8A43-614F97EEFC1F}.Release|Any CPU.Build.0 = Release|Any CPU
		{BF6D079A-31D1-4421-8A43-614F97EEFC1F}.Release|x64.ActiveCfg = Release|Any CPU
		{BF6D079A-31D1-4421-8A43-614F97EEFC1F}.Release|x64.Build.0 = Release|Any CPU
		{BF6D079A-31D1-4421-8A43-614F97EEFC1F}.Release|x86.ActiveCfg = Release|Any CPU
		{BF6D079A-31D1-4421-8A43-614F97EEFC1F}.Release|x86.Build.0 = Release|Any CPU
	EndGlobalSection
	GlobalSection(SolutionProperties) = preSolution
		HideSolutionNode = FALSE
	EndGlobalSection
EndGlobal
